Microsoft Visual Studio Solution File, Format Version 12.00
# Visual Studio 2013
VisualStudioVersion = 12.0.30723.0
MinimumVisualStudioVersion = 10.0.40219.1
Project("{FAE04EC0-301F-11D3-BF4B-00C04F79EFBC}") = "DynamicCompilation", "DynamicCompilation.csproj", "{1804E318-8A25-4021-889E-2114A821B030}"
EndProject
Project("{FAE04EC0-301F-11D3-BF4B-00C04F79EFBC}") = "RemoteLoader", "RemoteLoader\RemoteLoader.csproj", "{8726B80A-C1AD-4C71-93A4-504FCFE7B668}"
EndProject
Project("{FAE04EC0-301F-11D3-BF4B-00C04F79EFBC}") = "wwScripting", "wwScripting\wwScripting.csproj", "{78B19B94-1896-4D0B-9005-AB1F468FA828}"
EndProject
Global
	GlobalSection(SolutionConfigurationPlatforms) = preSolution
		Debug|Any CPU = Debug|Any CPU
		Release|Any CPU = Release|Any CPU
	EndGlobalSection
	GlobalSection(ProjectConfigurationPlatforms) = postSolution
		{1804E318-8A25-4021-889E-2114A821B030}.Debug|Any CPU.ActiveCfg = Debug|Any CPU
		{1804E318-8A25-4021-889E-2114A821B030}.Debug|Any CPU.Build.0 = Debug|Any CPU
		{1804E318-8A25-4021-889E-2114A821B030}.Release|Any CPU.ActiveCfg = Release|Any CPU
		{1804E318-8A25-4021-889E-2114A821B030}.Release|Any CPU.Build.0 = Release|Any CPU
		{8726B80A-C1AD-4C71-93A4-504FCFE7B668}.Debug|Any CPU.ActiveCfg = Debug|Any CPU
		{8726B80A-C1AD-4C71-93A4-504FCFE7B668}.Debug|Any CPU.Build.0 = Debug|Any CPU
		{8726B80A-C1AD-4C71-93A4-504FCFE7B668}.Release|Any CPU.ActiveCfg = Release|Any CPU
		{8726B80A-C1AD-4C71-93A4-504FCFE7B668}.Release|Any CPU.Build.0 = Release|Any CPU
		{78B19B94-1896-4D0B-9005-AB1F468FA828}.Debug|Any CPU.ActiveCfg = Debug|Any CPU
		{78B19B94-1896-4D0B-9005-AB1F468FA828}.Debug|Any CPU.Build.0 = Debug|Any CPU
		{78B19B94-1896-4D0B-9005-AB1F468FA828}.Release|Any CPU.ActiveCfg = Release|Any CPU
		{78B19B94-1896-4D0B-9005-AB1F468FA828}.Release|Any CPU.Build.0 = Release|Any CPU
	EndGlobalSection
	GlobalSection(SolutionProperties) = preSolution
		HideSolutionNode = FALSE
	EndGlobalSection
EndGlobal
